{
  "object": {
    "pins": [
      {
        "package": "MMMCommonCore",
        "repositoryURL": "https://github.com/mediamonks/MMMCommonCore",
        "state": {
          "branch": null,
          "revision": "5cd4fa5a211d2835f501e6c1d03c7ce1f0eee025",
          "version": "1.7.0"
        }
      },
      {
        "package": "MMMLog",
        "repositoryURL": "https://github.com/mediamonks/MMMLog",
        "state": {
          "branch": null,
          "revision": "911d9d3ffb4101c208d357d8b06ec9fe04ae411e",
          "version": "1.2.4"
        }
      },
      {
        "package": "MMMObservables",
        "repositoryURL": "https://github.com/mediamonks/MMMObservables",
        "state": {
          "branch": null,
          "revision": "4ddd4eb0f4f6622845ebbe51de8562d16089774d",
          "version": "1.3.1"
        }
      }
    ]
  },
  "version": 1
}
